<Solution>
  <Configurations>
    <BuildType Name="Debug2025" />
    <BuildType Name="Debug2026" />
    <BuildType Name="Release2025" />
    <BuildType Name="Release2026" />
    <Platform Name="x64" />
  </Configurations>
  <Project Path="RevitTests/RevitTests.csproj">
    <Platform Project="x64" />
  </Project>
</Solution>
