<Solution>
  <Configurations>
    <BuildType Name="Debug 2025" />
    <BuildType Name="Debug 2026" />
    <BuildType Name="Release 2025" />
    <BuildType Name="Release 2026" />
    <Platform Name="x64" />
  </Configurations>
  <Project Path="RevitTests/RevitTests.csproj">
    <Platform Project="x64" />
  </Project>
</Solution>
